// !$*UTF8*$!
{
	archiveVersion = 1;
	classes = {
	};
	objectVersion = 46;
	objects = {

/* Begin PBXBuildFile section */
		4F49DB54E9BB82FE44593A90 /* Pods_News.framework in Frameworks */ = {isa = PBXBuildFile; fileRef = 7DFB880F2E47AA71ABC59025 /* Pods_News.framework */; };
		7506963D1F725FDD006E4D69 /* FilterPopOverTableViewController.swift in Sources */ = {isa = PBXBuildFile; fileRef = 7506963C1F725FDD006E4D69 /* FilterPopOverTableViewController.swift */; };
		7506963F1F727F18006E4D69 /* ArticlesFilterPopOverTableViewController.swift in Sources */ = {isa = PBXBuildFile; fileRef = 7506963E1F727F18006E4D69 /* ArticlesFilterPopOverTableViewController.swift */; };
		750895EA1F6BC53A000EEBD7 /* SourcesResponse.swift in Sources */ = {isa = PBXBuildFile; fileRef = 750895E91F6BC53A000EEBD7 /* SourcesResponse.swift */; };
		750D73E91F70FDEB00C1506B /* ArticlesTableViewController.swift in Sources */ = {isa = PBXBuildFile; fileRef = 750D73E81F70FDEB00C1506B /* ArticlesTableViewController.swift */; };
		750D73EC1F70FE4800C1506B /* ArticlesTableViewCell.swift in Sources */ = {isa = PBXBuildFile; fileRef = 750D73EA1F70FE4800C1506B /* ArticlesTableViewCell.swift */; };
		750D73ED1F70FE4800C1506B /* ArticlesTableViewCell.xib in Resources */ = {isa = PBXBuildFile; fileRef = 750D73EB1F70FE4800C1506B /* ArticlesTableViewCell.xib */; };
		750D73EF1F71412200C1506B /* Article.swift in Sources */ = {isa = PBXBuildFile; fileRef = 750D73EE1F71412200C1506B /* Article.swift */; };
		751AE92B1F6BE3D900F60514 /* SourcesTableViewController.swift in Sources */ = {isa = PBXBuildFile; fileRef = 751AE92A1F6BE3D900F60514 /* SourcesTableViewController.swift */; };
		7529CEB91F6BFFA6001626D8 /* SourcesTableViewCell.swift in Sources */ = {isa = PBXBuildFile; fileRef = 7529CEB71F6BFFA6001626D8 /* SourcesTableViewCell.swift */; };
		7529CEBA1F6BFFA6001626D8 /* SourcesTableViewCell.xib in Resources */ = {isa = PBXBuildFile; fileRef = 7529CEB81F6BFFA6001626D8 /* SourcesTableViewCell.xib */; };
		75760AE41F7D3DE80094D69F /* Source.swift in Sources */ = {isa = PBXBuildFile; fileRef = 75760AE31F7D3DE80094D69F /* Source.swift */; };
		75760AEC1F7E235C0094D69F /* ArticlesResponse.swift in Sources */ = {isa = PBXBuildFile; fileRef = 75760AEB1F7E235C0094D69F /* ArticlesResponse.swift */; };
		75760AEE1F7E3EA00094D69F /* NewsApiManager.swift in Sources */ = {isa = PBXBuildFile; fileRef = 75760AED1F7E3EA00094D69F /* NewsApiManager.swift */; };
		75FFCBD91F6A6C7E003FFBF0 /* AppDelegate.swift in Sources */ = {isa = PBXBuildFile; fileRef = 75FFCBD81F6A6C7E003FFBF0 /* AppDelegate.swift */; };
		75FFCBDB1F6A6C7E003FFBF0 /* ViewController.swift in Sources */ = {isa = PBXBuildFile; fileRef = 75FFCBDA1F6A6C7E003FFBF0 /* ViewController.swift */; };
		75FFCBDE1F6A6C7E003FFBF0 /* Main.storyboard in Resources */ = {isa = PBXBuildFile; fileRef = 75FFCBDC1F6A6C7E003FFBF0 /* Main.storyboard */; };
		75FFCBE01F6A6C7E003FFBF0 /* Assets.xcassets in Resources */ = {isa = PBXBuildFile; fileRef = 75FFCBDF1F6A6C7E003FFBF0 /* Assets.xcassets */; };
		75FFCBE31F6A6C7E003FFBF0 /* LaunchScreen.storyboard in Resources */ = {isa = PBXBuildFile; fileRef = 75FFCBE11F6A6C7E003FFBF0 /* LaunchScreen.storyboard */; };
/* End PBXBuildFile section */

/* Begin PBXFileReference section */
		1D739001EE98075D06C6671A /* Pods-News.release.xcconfig */ = {isa = PBXFileReference; includeInIndex = 1; lastKnownFileType = text.xcconfig; name = "Pods-News.release.xcconfig"; path = "Pods/Target Support Files/Pods-News/Pods-News.release.xcconfig"; sourceTree = "<group>"; };
		7506963C1F725FDD006E4D69 /* FilterPopOverTableViewController.swift */ = {isa = PBXFileReference; fileEncoding = 4; lastKnownFileType = sourcecode.swift; path = FilterPopOverTableViewController.swift; sourceTree = "<group>"; };
		7506963E1F727F18006E4D69 /* ArticlesFilterPopOverTableViewController.swift */ = {isa = PBXFileReference; fileEncoding = 4; lastKnownFileType = sourcecode.swift; path = ArticlesFilterPopOverTableViewController.swift; sourceTree = "<group>"; };
		750895E91F6BC53A000EEBD7 /* SourcesResponse.swift */ = {isa = PBXFileReference; fileEncoding = 4; lastKnownFileType = sourcecode.swift; path = SourcesResponse.swift; sourceTree = "<group>"; };
		750D73E81F70FDEB00C1506B /* ArticlesTableViewController.swift */ = {isa = PBXFileReference; fileEncoding = 4; lastKnownFileType = sourcecode.swift; path = ArticlesTableViewController.swift; sourceTree = "<group>"; };
		750D73EA1F70FE4800C1506B /* ArticlesTableViewCell.swift */ = {isa = PBXFileReference; fileEncoding = 4; lastKnownFileType = sourcecode.swift; path = ArticlesTableViewCell.swift; sourceTree = "<group>"; };
		750D73EB1F70FE4800C1506B /* ArticlesTableViewCell.xib */ = {isa = PBXFileReference; fileEncoding = 4; lastKnownFileType = file.xib; path = ArticlesTableViewCell.xib; sourceTree = "<group>"; };
		750D73EE1F71412200C1506B /* Article.swift */ = {isa = PBXFileReference; fileEncoding = 4; lastKnownFileType = sourcecode.swift; path = Article.swift; sourceTree = "<group>"; };
		751AE92A1F6BE3D900F60514 /* SourcesTableViewController.swift */ = {isa = PBXFileReference; fileEncoding = 4; lastKnownFileType = sourcecode.swift; path = SourcesTableViewController.swift; sourceTree = "<group>"; };
		7529CEB71F6BFFA6001626D8 /* SourcesTableViewCell.swift */ = {isa = PBXFileReference; fileEncoding = 4; lastKnownFileType = sourcecode.swift; path = SourcesTableViewCell.swift; sourceTree = "<group>"; };
		7529CEB81F6BFFA6001626D8 /* SourcesTableViewCell.xib */ = {isa = PBXFileReference; fileEncoding = 4; lastKnownFileType = file.xib; path = SourcesTableViewCell.xib; sourceTree = "<group>"; };
		75760AE31F7D3DE80094D69F /* Source.swift */ = {isa = PBXFileReference; fileEncoding = 4; lastKnownFileType = sourcecode.swift; path = Source.swift; sourceTree = "<group>"; };
		75760AEB1F7E235C0094D69F /* ArticlesResponse.swift */ = {isa = PBXFileReference; fileEncoding = 4; lastKnownFileType = sourcecode.swift; path = ArticlesResponse.swift; sourceTree = "<group>"; };
		75760AED1F7E3EA00094D69F /* NewsApiManager.swift */ = {isa = PBXFileReference; fileEncoding = 4; lastKnownFileType = sourcecode.swift; path = NewsApiManager.swift; sourceTree = "<group>"; };
		75FFCBD51F6A6C7E003FFBF0 /* News.app */ = {isa = PBXFileReference; explicitFileType = wrapper.application; includeInIndex = 0; path = News.app; sourceTree = BUILT_PRODUCTS_DIR; };
		75FFCBD81F6A6C7E003FFBF0 /* AppDelegate.swift */ = {isa = PBXFileReference; lastKnownFileType = sourcecode.swift; path = AppDelegate.swift; sourceTree = "<group>"; };
		75FFCBDA1F6A6C7E003FFBF0 /* ViewController.swift */ = {isa = PBXFileReference; lastKnownFileType = sourcecode.swift; path = ViewController.swift; sourceTree = "<group>"; };
		75FFCBDD1F6A6C7E003FFBF0 /* Base */ = {isa = PBXFileReference; lastKnownFileType = file.storyboard; name = Base; path = Base.lproj/Main.storyboard; sourceTree = "<group>"; };
		75FFCBDF1F6A6C7E003FFBF0 /* Assets.xcassets */ = {isa = PBXFileReference; lastKnownFileType = folder.assetcatalog; path = Assets.xcassets; sourceTree = "<group>"; };
		75FFCBE21F6A6C7E003FFBF0 /* Base */ = {isa = PBXFileReference; lastKnownFileType = file.storyboard; name = Base; path = Base.lproj/LaunchScreen.storyboard; sourceTree = "<group>"; };
		75FFCBE41F6A6C7E003FFBF0 /* Info.plist */ = {isa = PBXFileReference; lastKnownFileType = text.plist.xml; path = Info.plist; sourceTree = "<group>"; };
		7DFB880F2E47AA71ABC59025 /* Pods_News.framework */ = {isa = PBXFileReference; explicitFileType = wrapper.framework; includeInIndex = 0; path = Pods_News.framework; sourceTree = BUILT_PRODUCTS_DIR; };
		E80A9991388FCD15BBD1A272 /* Pods-News.debug.xcconfig */ = {isa = PBXFileReference; includeInIndex = 1; lastKnownFileType = text.xcconfig; name = "Pods-News.debug.xcconfig"; path = "Pods/Target Support Files/Pods-News/Pods-News.debug.xcconfig"; sourceTree = "<group>"; };
/* End PBXFileReference section */

/* Begin PBXFrameworksBuildPhase section */
		75FFCBD21F6A6C7E003FFBF0 /* Frameworks */ = {
			isa = PBXFrameworksBuildPhase;
			buildActionMask = 2147483647;
			files = (
				4F49DB54E9BB82FE44593A90 /* Pods_News.framework in Frameworks */,
			);
			runOnlyForDeploymentPostprocessing = 0;
		};
/* End PBXFrameworksBuildPhase section */

/* Begin PBXGroup section */
		22C64F6BA303869CE582D770 /* Pods */ = {
			isa = PBXGroup;
			children = (
				E80A9991388FCD15BBD1A272 /* Pods-News.debug.xcconfig */,
				1D739001EE98075D06C6671A /* Pods-News.release.xcconfig */,
			);
			name = Pods;
			sourceTree = "<group>";
		};
		7558EE701F6A8AD8001C0A9C /* Supporting FIles */ = {
			isa = PBXGroup;
			children = (
				75FFCBDF1F6A6C7E003FFBF0 /* Assets.xcassets */,
				75FFCBD81F6A6C7E003FFBF0 /* AppDelegate.swift */,
				75FFCBE41F6A6C7E003FFBF0 /* Info.plist */,
				75FFCBE11F6A6C7E003FFBF0 /* LaunchScreen.storyboard */,
			);
			name = "Supporting FIles";
			sourceTree = "<group>";
		};
		75760AE51F7D3E0C0094D69F /* Responses */ = {
			isa = PBXGroup;
			children = (
				750D73EE1F71412200C1506B /* Article.swift */,
				75760AEB1F7E235C0094D69F /* ArticlesResponse.swift */,
				75760AE31F7D3DE80094D69F /* Source.swift */,
				750895E91F6BC53A000EEBD7 /* SourcesResponse.swift */,
			);
			name = Responses;
			sourceTree = "<group>";
		};
		75760AE61F7D3E310094D69F /* Data model */ = {
			isa = PBXGroup;
			children = (
				75760AEA1F7D3F9D0094D69F /* Requests */,
				75760AE51F7D3E0C0094D69F /* Responses */,
			);
			name = "Data model";
			sourceTree = "<group>";
		};
		75760AE71F7D3E470094D69F /* View Controllers */ = {
			isa = PBXGroup;
			children = (
				75FFCBDA1F6A6C7E003FFBF0 /* ViewController.swift */,
				751AE92A1F6BE3D900F60514 /* SourcesTableViewController.swift */,
				7506963C1F725FDD006E4D69 /* FilterPopOverTableViewController.swift */,
				750D73E81F70FDEB00C1506B /* ArticlesTableViewController.swift */,
				7506963E1F727F18006E4D69 /* ArticlesFilterPopOverTableViewController.swift */,
			);
			name = "View Controllers";
			sourceTree = "<group>";
		};
		75760AE81F7D3E7F0094D69F /* StoryBoard and Xibs */ = {
			isa = PBXGroup;
			children = (
				75FFCBDC1F6A6C7E003FFBF0 /* Main.storyboard */,
				7529CEB81F6BFFA6001626D8 /* SourcesTableViewCell.xib */,
				750D73EB1F70FE4800C1506B /* ArticlesTableViewCell.xib */,
			);
			name = "StoryBoard and Xibs";
			sourceTree = "<group>";
		};
		75760AE91F7D3F150094D69F /* View Cells */ = {
			isa = PBXGroup;
			children = (
				7529CEB71F6BFFA6001626D8 /* SourcesTableViewCell.swift */,
				750D73EA1F70FE4800C1506B /* ArticlesTableViewCell.swift */,
			);
			name = "View Cells";
			sourceTree = "<group>";
		};
		75760AEA1F7D3F9D0094D69F /* Requests */ = {
			isa = PBXGroup;
			children = (
			);
			name = Requests;
			sourceTree = "<group>";
		};
		75FFCBCC1F6A6C7D003FFBF0 = {
			isa = PBXGroup;
			children = (
				75FFCBD71F6A6C7E003FFBF0 /* News */,
				75FFCBD61F6A6C7E003FFBF0 /* Products */,
				22C64F6BA303869CE582D770 /* Pods */,
				D18663816E5BBE289735F38E /* Frameworks */,
			);
			sourceTree = "<group>";
		};
		75FFCBD61F6A6C7E003FFBF0 /* Products */ = {
			isa = PBXGroup;
			children = (
				75FFCBD51F6A6C7E003FFBF0 /* News.app */,
			);
			name = Products;
			sourceTree = "<group>";
		};
		75FFCBD71F6A6C7E003FFBF0 /* News */ = {
			isa = PBXGroup;
			children = (
				75760AED1F7E3EA00094D69F /* NewsApiManager.swift */,
				7558EE701F6A8AD8001C0A9C /* Supporting FIles */,
				75760AE61F7D3E310094D69F /* Data model */,
				75760AE71F7D3E470094D69F /* View Controllers */,
				75760AE91F7D3F150094D69F /* View Cells */,
				75760AE81F7D3E7F0094D69F /* StoryBoard and Xibs */,
			);
			path = News;
			sourceTree = "<group>";
		};
		D18663816E5BBE289735F38E /* Frameworks */ = {
			isa = PBXGroup;
			children = (
				7DFB880F2E47AA71ABC59025 /* Pods_News.framework */,
			);
			name = Frameworks;
			sourceTree = "<group>";
		};
/* End PBXGroup section */

/* Begin PBXNativeTarget section */
		75FFCBD41F6A6C7E003FFBF0 /* News */ = {
			isa = PBXNativeTarget;
			buildConfigurationList = 75FFCBE71F6A6C7E003FFBF0 /* Build configuration list for PBXNativeTarget "News" */;
			buildPhases = (
				F508738652469197AB48432A /* [CP] Check Pods Manifest.lock */,
				75FFCBD11F6A6C7E003FFBF0 /* Sources */,
				75FFCBD21F6A6C7E003FFBF0 /* Frameworks */,
				75FFCBD31F6A6C7E003FFBF0 /* Resources */,
				6EF07153FE8E529ECD39D36E /* [CP] Embed Pods Frameworks */,
				2813F18D10208E36C4916C32 /* [CP] Copy Pods Resources */,
			);
			buildRules = (
			);
			dependencies = (
			);
			name = News;
			productName = News;
			productReference = 75FFCBD51F6A6C7E003FFBF0 /* News.app */;
			productType = "com.apple.product-type.application";
		};
/* End PBXNativeTarget section */

/* Begin PBXProject section */
		75FFCBCD1F6A6C7D003FFBF0 /* Project object */ = {
			isa = PBXProject;
			attributes = {
				LastSwiftUpdateCheck = 0830;
				LastUpgradeCheck = 0830;
				ORGANIZATIONNAME = "Sanchit Mittal";
				TargetAttributes = {
					75FFCBD41F6A6C7E003FFBF0 = {
						CreatedOnToolsVersion = 8.3;
						ProvisioningStyle = Automatic;
					};
				};
			};
			buildConfigurationList = 75FFCBD01F6A6C7E003FFBF0 /* Build configuration list for PBXProject "News" */;
			compatibilityVersion = "Xcode 3.2";
			developmentRegion = English;
			hasScannedForEncodings = 0;
			knownRegions = (
				en,
				Base,
			);
			mainGroup = 75FFCBCC1F6A6C7D003FFBF0;
			productRefGroup = 75FFCBD61F6A6C7E003FFBF0 /* Products */;
			projectDirPath = "";
			projectRoot = "";
			targets = (
				75FFCBD41F6A6C7E003FFBF0 /* News */,
			);
		};
/* End PBXProject section */

/* Begin PBXResourcesBuildPhase section */
		75FFCBD31F6A6C7E003FFBF0 /* Resources */ = {
			isa = PBXResourcesBuildPhase;
			buildActionMask = 2147483647;
			files = (
				750D73ED1F70FE4800C1506B /* ArticlesTableViewCell.xib in Resources */,
				7529CEBA1F6BFFA6001626D8 /* SourcesTableViewCell.xib in Resources */,
				75FFCBE31F6A6C7E003FFBF0 /* LaunchScreen.storyboard in Resources */,
				75FFCBE01F6A6C7E003FFBF0 /* Assets.xcassets in Resources */,
				75FFCBDE1F6A6C7E003FFBF0 /* Main.storyboard in Resources */,
			);
			runOnlyForDeploymentPostprocessing = 0;
		};
/* End PBXResourcesBuildPhase section */

/* Begin PBXShellScriptBuildPhase section */
		2813F18D10208E36C4916C32 /* [CP] Copy Pods Resources */ = {
			isa = PBXShellScriptBuildPhase;
			buildActionMask = 2147483647;
			files = (
			);
			inputPaths = (
			);
			name = "[CP] Copy Pods Resources";
			outputPaths = (
			);
			runOnlyForDeploymentPostprocessing = 0;
			shellPath = /bin/sh;
			shellScript = "\"${SRCROOT}/Pods/Target Support Files/Pods-News/Pods-News-resources.sh\"\n";
			showEnvVarsInLog = 0;
		};
		6EF07153FE8E529ECD39D36E /* [CP] Embed Pods Frameworks */ = {
			isa = PBXShellScriptBuildPhase;
			buildActionMask = 2147483647;
			files = (
			);
			inputPaths = (
				"${SRCROOT}/Pods/Target Support Files/Pods-News/Pods-News-frameworks.sh",
				"${BUILT_PRODUCTS_DIR}/Alamofire/Alamofire.framework",
				"${BUILT_PRODUCTS_DIR}/AlamofireObjectMapper/AlamofireObjectMapper.framework",
				"${BUILT_PRODUCTS_DIR}/ObjectMapper/ObjectMapper.framework",
			);
			name = "[CP] Embed Pods Frameworks";
			outputPaths = (
				"${TARGET_BUILD_DIR}/${FRAMEWORKS_FOLDER_PATH}/Alamofire.framework",
				"${TARGET_BUILD_DIR}/${FRAMEWORKS_FOLDER_PATH}/AlamofireObjectMapper.framework",
				"${TARGET_BUILD_DIR}/${FRAMEWORKS_FOLDER_PATH}/ObjectMapper.framework",
			);
			runOnlyForDeploymentPostprocessing = 0;
			shellPath = /bin/sh;
			shellScript = "\"${SRCROOT}/Pods/Target Support Files/Pods-News/Pods-News-frameworks.sh\"\n";
			showEnvVarsInLog = 0;
		};
		F508738652469197AB48432A /* [CP] Check Pods Manifest.lock */ = {
			isa = PBXShellScriptBuildPhase;
			buildActionMask = 2147483647;
			files = (
			);
			inputPaths = (
				"${PODS_PODFILE_DIR_PATH}/Podfile.lock",
				"${PODS_ROOT}/Manifest.lock",
			);
			name = "[CP] Check Pods Manifest.lock";
			outputPaths = (
				"$(DERIVED_FILE_DIR)/Pods-News-checkManifestLockResult.txt",
			);
			runOnlyForDeploymentPostprocessing = 0;
			shellPath = /bin/sh;
			shellScript = "diff \"${PODS_PODFILE_DIR_PATH}/Podfile.lock\" \"${PODS_ROOT}/Manifest.lock\" > /dev/null\nif [ $? != 0 ] ; then\n    # print error to STDERR\n    echo \"error: The sandbox is not in sync with the Podfile.lock. Run 'pod install' or update your CocoaPods installation.\" >&2\n    exit 1\nfi\n# This output is used by Xcode 'outputs' to avoid re-running this script phase.\necho \"SUCCESS\" > \"${SCRIPT_OUTPUT_FILE_0}\"\n";
			showEnvVarsInLog = 0;
		};
/* End PBXShellScriptBuildPhase section */

/* Begin PBXSourcesBuildPhase section */
		75FFCBD11F6A6C7E003FFBF0 /* Sources */ = {
			isa = PBXSourcesBuildPhase;
			buildActionMask = 2147483647;
			files = (
				750D73EC1F70FE4800C1506B /* ArticlesTableViewCell.swift in Sources */,
				75760AEE1F7E3EA00094D69F /* NewsApiManager.swift in Sources */,
				750D73EF1F71412200C1506B /* Article.swift in Sources */,
				7506963F1F727F18006E4D69 /* ArticlesFilterPopOverTableViewController.swift in Sources */,
				751AE92B1F6BE3D900F60514 /* SourcesTableViewController.swift in Sources */,
				75760AE41F7D3DE80094D69F /* Source.swift in Sources */,
				750895EA1F6BC53A000EEBD7 /* SourcesResponse.swift in Sources */,
				75FFCBDB1F6A6C7E003FFBF0 /* ViewController.swift in Sources */,
				75FFCBD91F6A6C7E003FFBF0 /* AppDelegate.swift in Sources */,
				7529CEB91F6BFFA6001626D8 /* SourcesTableViewCell.swift in Sources */,
				750D73E91F70FDEB00C1506B /* ArticlesTableViewController.swift in Sources */,
				7506963D1F725FDD006E4D69 /* FilterPopOverTableViewController.swift in Sources */,
				75760AEC1F7E235C0094D69F /* ArticlesResponse.swift in Sources */,
			);
			runOnlyForDeploymentPostprocessing = 0;
		};
/* End PBXSourcesBuildPhase section */

/* Begin PBXVariantGroup section */
		75FFCBDC1F6A6C7E003FFBF0 /* Main.storyboard */ = {
			isa = PBXVariantGroup;
			children = (
				75FFCBDD1F6A6C7E003FFBF0 /* Base */,
			);
			name = Main.storyboard;
			sourceTree = "<group>";
		};
		75FFCBE11F6A6C7E003FFBF0 /* LaunchScreen.storyboard */ = {
			isa = PBXVariantGroup;
			children = (
				75FFCBE21F6A6C7E003FFBF0 /* Base */,
			);
			name = LaunchScreen.storyboard;
			sourceTree = "<group>";
		};
/* End PBXVariantGroup section */

/* Begin XCBuildConfiguration section */
		75FFCBE51F6A6C7E003FFBF0 /* Debug */ = {
			isa = XCBuildConfiguration;
			buildSettings = {
				ALWAYS_SEARCH_USER_PATHS = NO;
				CLANG_ANALYZER_NONNULL = YES;
				CLANG_ANALYZER_NUMBER_OBJECT_CONVERSION = YES_AGGRESSIVE;
				CLANG_CXX_LANGUAGE_STANDARD = "gnu++0x";
				CLANG_CXX_LIBRARY = "libc++";
				CLANG_ENABLE_MODULES = YES;
				CLANG_ENABLE_OBJC_ARC = YES;
				CLANG_WARN_BOOL_CONVERSION = YES;
				CLANG_WARN_CONSTANT_CONVERSION = YES;
				CLANG_WARN_DIRECT_OBJC_ISA_USAGE = YES_ERROR;
				CLANG_WARN_DOCUMENTATION_COMMENTS = YES;
				CLANG_WARN_EMPTY_BODY = YES;
				CLANG_WARN_ENUM_CONVERSION = YES;
				CLANG_WARN_INFINITE_RECURSION = YES;
				CLANG_WARN_INT_CONVERSION = YES;
				CLANG_WARN_OBJC_ROOT_CLASS = YES_ERROR;
				CLANG_WARN_SUSPICIOUS_MOVE = YES;
				CLANG_WARN_UNREACHABLE_CODE = YES;
				CLANG_WARN__DUPLICATE_METHOD_MATCH = YES;
				"CODE_SIGN_IDENTITY[sdk=iphoneos*]" = "iPhone Developer";
				COPY_PHASE_STRIP = NO;
				DEBUG_INFORMATION_FORMAT = dwarf;
				ENABLE_STRICT_OBJC_MSGSEND = YES;
				ENABLE_TESTABILITY = YES;
				GCC_C_LANGUAGE_STANDARD = gnu99;
				GCC_DYNAMIC_NO_PIC = NO;
				GCC_NO_COMMON_BLOCKS = YES;
				GCC_OPTIMIZATION_LEVEL = 0;
				GCC_PREPROCESSOR_DEFINITIONS = (
					"DEBUG=1",
					"$(inherited)",
				);
				GCC_WARN_64_TO_32_BIT_CONVERSION = YES;
				GCC_WARN_ABOUT_RETURN_TYPE = YES_ERROR;
				GCC_WARN_UNDECLARED_SELECTOR = YES;
				GCC_WARN_UNINITIALIZED_AUTOS = YES_AGGRESSIVE;
				GCC_WARN_UNUSED_FUNCTION = YES;
				GCC_WARN_UNUSED_VARIABLE = YES;
				IPHONEOS_DEPLOYMENT_TARGET = 10.3;
				MTL_ENABLE_DEBUG_INFO = YES;
				ONLY_ACTIVE_ARCH = YES;
				SDKROOT = iphoneos;
				SWIFT_ACTIVE_COMPILATION_CONDITIONS = DEBUG;
				SWIFT_OPTIMIZATION_LEVEL = "-Onone";
				TARGETED_DEVICE_FAMILY = "1,2";
			};
			name = Debug;
		};
		75FFCBE61F6A6C7E003FFBF0 /* Release */ = {
			isa = XCBuildConfiguration;
			buildSettings = {
				ALWAYS_SEARCH_USER_PATHS = NO;
				CLANG_ANALYZER_NONNULL = YES;
				CLANG_ANALYZER_NUMBER_OBJECT_CONVERSION = YES_AGGRESSIVE;
				CLANG_CXX_LANGUAGE_STANDARD = "gnu++0x";
				CLANG_CXX_LIBRARY = "libc++";
				CLANG_ENABLE_MODULES = YES;
				CLANG_ENABLE_OBJC_ARC = YES;
				CLANG_WARN_BOOL_CONVERSION = YES;
				CLANG_WARN_CONSTANT_CONVERSION = YES;
				CLANG_WARN_DIRECT_OBJC_ISA_USAGE = YES_ERROR;
				CLANG_WARN_DOCUMENTATION_COMMENTS = YES;
				CLANG_WARN_EMPTY_BODY = YES;
				CLANG_WARN_ENUM_CONVERSION = YES;
				CLANG_WARN_INFINITE_RECURSION = YES;
				CLANG_WARN_INT_CONVERSION = YES;
				CLANG_WARN_OBJC_ROOT_CLASS = YES_ERROR;
				CLANG_WARN_SUSPICIOUS_MOVE = YES;
				CLANG_WARN_UNREACHABLE_CODE = YES;
				CLANG_WARN__DUPLICATE_METHOD_MATCH = YES;
				"CODE_SIGN_IDENTITY[sdk=iphoneos*]" = "iPhone Developer";
				COPY_PHASE_STRIP = NO;
				DEBUG_INFORMATION_FORMAT = "dwarf-with-dsym";
				ENABLE_NS_ASSERTIONS = NO;
				ENABLE_STRICT_OBJC_MSGSEND = YES;
				GCC_C_LANGUAGE_STANDARD = gnu99;
				GCC_NO_COMMON_BLOCKS = YES;
				GCC_WARN_64_TO_32_BIT_CONVERSION = YES;
				GCC_WARN_ABOUT_RETURN_TYPE = YES_ERROR;
				GCC_WARN_UNDECLARED_SELECTOR = YES;
				GCC_WARN_UNINITIALIZED_AUTOS = YES_AGGRESSIVE;
				GCC_WARN_UNUSED_FUNCTION = YES;
				GCC_WARN_UNUSED_VARIABLE = YES;
				IPHONEOS_DEPLOYMENT_TARGET = 10.3;
				MTL_ENABLE_DEBUG_INFO = NO;
				SDKROOT = iphoneos;
				SWIFT_OPTIMIZATION_LEVEL = "-Owholemodule";
				TARGETED_DEVICE_FAMILY = "1,2";
				VALIDATE_PRODUCT = YES;
			};
			name = Release;
		};
		75FFCBE81F6A6C7E003FFBF0 /* Debug */ = {
			isa = XCBuildConfiguration;
			baseConfigurationReference = E80A9991388FCD15BBD1A272 /* Pods-News.debug.xcconfig */;
			buildSettings = {
				ASSETCATALOG_COMPILER_APPICON_NAME = AppIcon;
				INFOPLIST_FILE = News/Info.plist;
				LD_RUNPATH_SEARCH_PATHS = "$(inherited) @executable_path/Frameworks";
				PRODUCT_BUNDLE_IDENTIFIER = com.example.News;
				PRODUCT_NAME = "$(TARGET_NAME)";
				SWIFT_VERSION = 3.0;
			};
			name = Debug;
		};
		75FFCBE91F6A6C7E003FFBF0 /* Release */ = {
			isa = XCBuildConfiguration;
			baseConfigurationReference = 1D739001EE98075D06C6671A /* Pods-News.release.xcconfig */;
			buildSettings = {
				ASSETCATALOG_COMPILER_APPICON_NAME = AppIcon;
				INFOPLIST_FILE = News/Info.plist;
				LD_RUNPATH_SEARCH_PATHS = "$(inherited) @executable_path/Frameworks";
				PRODUCT_BUNDLE_IDENTIFIER = com.example.News;
				PRODUCT_NAME = "$(TARGET_NAME)";
				SWIFT_VERSION = 3.0;
			};
			name = Release;
		};
/* End XCBuildConfiguration section */

/* Begin XCConfigurationList section */
		75FFCBD01F6A6C7E003FFBF0 /* Build configuration list for PBXProject "News" */ = {
			isa = XCConfigurationList;
			buildConfigurations = (
				75FFCBE51F6A6C7E003FFBF0 /* Debug */,
				75FFCBE61F6A6C7E003FFBF0 /* Release */,
			);
			defaultConfigurationIsVisible = 0;
			defaultConfigurationName = Release;
		};
		75FFCBE71F6A6C7E003FFBF0 /* Build configuration list for PBXNativeTarget "News" */ = {
			isa = XCConfigurationList;
			buildConfigurations = (
				75FFCBE81F6A6C7E003FFBF0 /* Debug */,
				75FFCBE91F6A6C7E003FFBF0 /* Release */,
			);
			defaultConfigurationIsVisible = 0;
			defaultConfigurationName = Release;
		};
/* End XCConfigurationList section */
	};
	rootObject = 75FFCBCD1F6A6C7D003FFBF0 /* Project object */;
}
