// !$*UTF8*$!
{
	archiveVersion = 1;
	classes = {
	};
	objectVersion = 46;
	objects = {

/* Begin PBXBuildFile section */
		75FFCBD91F6A6C7E003FFBF0 /* AppDelegate.swift in Sources */ = {isa = PBXBuildFile; fileRef = 75FFCBD81F6A6C7E003FFBF0 /* AppDelegate.swift */; };
		75FFCBDB1F6A6C7E003FFBF0 /* ViewController.swift in Sources */ = {isa = PBXBuildFile; fileRef = 75FFCBDA1F6A6C7E003FFBF0 /* ViewController.swift */; };
		75FFCBDE1F6A6C7E003FFBF0 /* Main.storyboard in Resources */ = {isa = PBXBuildFile; fileRef = 75FFCBDC1F6A6C7E003FFBF0 /* Main.storyboard */; };
		75FFCBE01F6A6C7E003FFBF0 /* Assets.xcassets in Resources */ = {isa = PBXBuildFile; fileRef = 75FFCBDF1F6A6C7E003FFBF0 /* Assets.xcassets */; };
		75FFCBE31F6A6C7E003FFBF0 /* LaunchScreen.storyboard in Resources */ = {isa = PBXBuildFile; fileRef = 75FFCBE11F6A6C7E003FFBF0 /* LaunchScreen.storyboard */; };
/* End PBXBuildFile section */

/* Begin PBXFileReference section */
		75FFCBD51F6A6C7E003FFBF0 /* News.app */ = {isa = PBXFileReference; explicitFileType = wrapper.application; includeInIndex = 0; path = News.app; sourceTree = BUILT_PRODUCTS_DIR; };
		75FFCBD81F6A6C7E003FFBF0 /* AppDelegate.swift */ = {isa = PBXFileReference; lastKnownFileType = sourcecode.swift; path = AppDelegate.swift; sourceTree = "<group>"; };
		75FFCBDA1F6A6C7E003FFBF0 /* ViewController.swift */ = {isa = PBXFileReference; lastKnownFileType = sourcecode.swift; path = ViewController.swift; sourceTree = "<group>"; };
		75FFCBDD1F6A6C7E003FFBF0 /* Base */ = {isa = PBXFileReference; lastKnownFileType = file.storyboard; name = Base; path = Base.lproj/Main.storyboard; sourceTree = "<group>"; };
		75FFCBDF1F6A6C7E003FFBF0 /* Assets.xcassets */ = {isa = PBXFileReference; lastKnownFileType = folder.assetcatalog; path = Assets.xcassets; sourceTree = "<group>"; };
		75FFCBE21F6A6C7E003FFBF0 /* Base */ = {isa = PBXFileReference; lastKnownFileType = file.storyboard; name = Base; path = Base.lproj/LaunchScreen.storyboard; sourceTree = "<group>"; };
		75FFCBE41F6A6C7E003FFBF0 /* Info.plist */ = {isa = PBXFileReference; lastKnownFileType = text.plist.xml; path = Info.plist; sourceTree = "<group>"; };
/* End PBXFileReference section */

/* Begin PBXFrameworksBuildPhase section */
		75FFCBD21F6A6C7E003FFBF0 /* Frameworks */ = {
			isa = PBXFrameworksBuildPhase;
			buildActionMask = 2147483647;
			files = (
			);
			runOnlyForDeploymentPostprocessing = 0;
		};
/* End PBXFrameworksBuildPhase section */

/* Begin PBXGroup section */
		75FFCBCC1F6A6C7D003FFBF0 = {
			isa = PBXGroup;
			children = (
				75FFCBD71F6A6C7E003FFBF0 /* News */,
				75FFCBD61F6A6C7E003FFBF0 /* Products */,
			);
			sourceTree = "<group>";
		};
		75FFCBD61F6A6C7E003FFBF0 /* Products */ = {
			isa = PBXGroup;
			children = (
				75FFCBD51F6A6C7E003FFBF0 /* News.app */,
			);
			name = Products;
			sourceTree = "<group>";
		};
		75FFCBD71F6A6C7E003FFBF0 /* News */ = {
			isa = PBXGroup;
			children = (
				75FFCBD81F6A6C7E003FFBF0 /* AppDelegate.swift */,
				75FFCBDA1F6A6C7E003FFBF0 /* ViewController.swift */,
				75FFCBDC1F6A6C7E003FFBF0 /* Main.storyboard */,
				75FFCBDF1F6A6C7E003FFBF0 /* Assets.xcassets */,
				75FFCBE11F6A6C7E003FFBF0 /* LaunchScreen.storyboard */,
				75FFCBE41F6A6C7E003FFBF0 /* Info.plist */,
			);
			path = News;
			sourceTree = "<group>";
		};
/* End PBXGroup section */

/* Begin PBXNativeTarget section */
		75FFCBD41F6A6C7E003FFBF0 /* News */ = {
			isa = PBXNativeTarget;
			buildConfigurationList = 75FFCBE71F6A6C7E003FFBF0 /* Build configuration list for PBXNativeTarget "News" */;
			buildPhases = (
				75FFCBD11F6A6C7E003FFBF0 /* Sources */,
				75FFCBD21F6A6C7E003FFBF0 /* Frameworks */,
				75FFCBD31F6A6C7E003FFBF0 /* Resources */,
			);
			buildRules = (
			);
			dependencies = (
			);
			name = News;
			productName = News;
			productReference = 75FFCBD51F6A6C7E003FFBF0 /* News.app */;
			productType = "com.apple.product-type.application";
		};
/* End PBXNativeTarget section */

/* Begin PBXProject section */
		75FFCBCD1F6A6C7D003FFBF0 /* Project object */ = {
			isa = PBXProject;
			attributes = {
				LastSwiftUpdateCheck = 0830;
				LastUpgradeCheck = 0830;
				ORGANIZATIONNAME = "Sanchit Mittal";
				TargetAttributes = {
					75FFCBD41F6A6C7E003FFBF0 = {
						CreatedOnToolsVersion = 8.3;
						ProvisioningStyle = Automatic;
					};
				};
			};
			buildConfigurationList = 75FFCBD01F6A6C7E003FFBF0 /* Build configuration list for PBXProject "News" */;
			compatibilityVersion = "Xcode 3.2";
			developmentRegion = English;
			hasScannedForEncodings = 0;
			knownRegions = (
				en,
				Base,
			);
			mainGroup = 75FFCBCC1F6A6C7D003FFBF0;
			productRefGroup = 75FFCBD61F6A6C7E003FFBF0 /* Products */;
			projectDirPath = "";
			projectRoot = "";
			targets = (
				75FFCBD41F6A6C7E003FFBF0 /* News */,
			);
		};
/* End PBXProject section */

/* Begin PBXResourcesBuildPhase section */
		75FFCBD31F6A6C7E003FFBF0 /* Resources */ = {
			isa = PBXResourcesBuildPhase;
			buildActionMask = 2147483647;
			files = (
				75FFCBE31F6A6C7E003FFBF0 /* LaunchScreen.storyboard in Resources */,
				75FFCBE01F6A6C7E003FFBF0 /* Assets.xcassets in Resources */,
				75FFCBDE1F6A6C7E003FFBF0 /* Main.storyboard in Resources */,
			);
			runOnlyForDeploymentPostprocessing = 0;
		};
/* End PBXResourcesBuildPhase section */

/* Begin PBXSourcesBuildPhase section */
		75FFCBD11F6A6C7E003FFBF0 /* Sources */ = {
			isa = PBXSourcesBuildPhase;
			buildActionMask = 2147483647;
			files = (
				75FFCBDB1F6A6C7E003FFBF0 /* ViewController.swift in Sources */,
				75FFCBD91F6A6C7E003FFBF0 /* AppDelegate.swift in Sources */,
			);
			runOnlyForDeploymentPostprocessing = 0;
		};
/* End PBXSourcesBuildPhase section */

/* Begin PBXVariantGroup section */
		75FFCBDC1F6A6C7E003FFBF0 /* Main.storyboard */ = {
			isa = PBXVariantGroup;
			children = (
				75FFCBDD1F6A6C7E003FFBF0 /* Base */,
			);
			name = Main.storyboard;
			sourceTree = "<group>";
		};
		75FFCBE11F6A6C7E003FFBF0 /* LaunchScreen.storyboard */ = {
			isa = PBXVariantGroup;
			children = (
				75FFCBE21F6A6C7E003FFBF0 /* Base */,
			);
			name = LaunchScreen.storyboard;
			sourceTree = "<group>";
		};
/* End PBXVariantGroup section */

/* Begin XCBuildConfiguration section */
		75FFCBE51F6A6C7E003FFBF0 /* Debug */ = {
			isa = XCBuildConfiguration;
			buildSettings = {
				ALWAYS_SEARCH_USER_PATHS = NO;
				CLANG_ANALYZER_NONNULL = YES;
				CLANG_ANALYZER_NUMBER_OBJECT_CONVERSION = YES_AGGRESSIVE;
				CLANG_CXX_LANGUAGE_STANDARD = "gnu++0x";
				CLANG_CXX_LIBRARY = "libc++";
				CLANG_ENABLE_MODULES = YES;
				CLANG_ENABLE_OBJC_ARC = YES;
				CLANG_WARN_BOOL_CONVERSION = YES;
				CLANG_WARN_CONSTANT_CONVERSION = YES;
				CLANG_WARN_DIRECT_OBJC_ISA_USAGE = YES_ERROR;
				CLANG_WARN_DOCUMENTATION_COMMENTS = YES;
				CLANG_WARN_EMPTY_BODY = YES;
				CLANG_WARN_ENUM_CONVERSION = YES;
				CLANG_WARN_INFINITE_RECURSION = YES;
				CLANG_WARN_INT_CONVERSION = YES;
				CLANG_WARN_OBJC_ROOT_CLASS = YES_ERROR;
				CLANG_WARN_SUSPICIOUS_MOVE = YES;
				CLANG_WARN_UNREACHABLE_CODE = YES;
				CLANG_WARN__DUPLICATE_METHOD_MATCH = YES;
				"CODE_SIGN_IDENTITY[sdk=iphoneos*]" = "iPhone Developer";
				COPY_PHASE_STRIP = NO;
				DEBUG_INFORMATION_FORMAT = dwarf;
				ENABLE_STRICT_OBJC_MSGSEND = YES;
				ENABLE_TESTABILITY = YES;
				GCC_C_LANGUAGE_STANDARD = gnu99;
				GCC_DYNAMIC_NO_PIC = NO;
				GCC_NO_COMMON_BLOCKS = YES;
				GCC_OPTIMIZATION_LEVEL = 0;
				GCC_PREPROCESSOR_DEFINITIONS = (
					"DEBUG=1",
					"$(inherited)",
				);
				GCC_WARN_64_TO_32_BIT_CONVERSION = YES;
				GCC_WARN_ABOUT_RETURN_TYPE = YES_ERROR;
				GCC_WARN_UNDECLARED_SELECTOR = YES;
				GCC_WARN_UNINITIALIZED_AUTOS = YES_AGGRESSIVE;
				GCC_WARN_UNUSED_FUNCTION = YES;
				GCC_WARN_UNUSED_VARIABLE = YES;
				IPHONEOS_DEPLOYMENT_TARGET = 10.3;
				MTL_ENABLE_DEBUG_INFO = YES;
				ONLY_ACTIVE_ARCH = YES;
				SDKROOT = iphoneos;
				SWIFT_ACTIVE_COMPILATION_CONDITIONS = DEBUG;
				SWIFT_OPTIMIZATION_LEVEL = "-Onone";
				TARGETED_DEVICE_FAMILY = "1,2";
			};
			name = Debug;
		};
		75FFCBE61F6A6C7E003FFBF0 /* Release */ = {
			isa = XCBuildConfiguration;
			buildSettings = {
				ALWAYS_SEARCH_USER_PATHS = NO;
				CLANG_ANALYZER_NONNULL = YES;
				CLANG_ANALYZER_NUMBER_OBJECT_CONVERSION = YES_AGGRESSIVE;
				CLANG_CXX_LANGUAGE_STANDARD = "gnu++0x";
				CLANG_CXX_LIBRARY = "libc++";
				CLANG_ENABLE_MODULES = YES;
				CLANG_ENABLE_OBJC_ARC = YES;
				CLANG_WARN_BOOL_CONVERSION = YES;
				CLANG_WARN_CONSTANT_CONVERSION = YES;
				CLANG_WARN_DIRECT_OBJC_ISA_USAGE = YES_ERROR;
				CLANG_WARN_DOCUMENTATION_COMMENTS = YES;
				CLANG_WARN_EMPTY_BODY = YES;
				CLANG_WARN_ENUM_CONVERSION = YES;
				CLANG_WARN_INFINITE_RECURSION = YES;
				CLANG_WARN_INT_CONVERSION = YES;
				CLANG_WARN_OBJC_ROOT_CLASS = YES_ERROR;
				CLANG_WARN_SUSPICIOUS_MOVE = YES;
				CLANG_WARN_UNREACHABLE_CODE = YES;
				CLANG_WARN__DUPLICATE_METHOD_MATCH = YES;
				"CODE_SIGN_IDENTITY[sdk=iphoneos*]" = "iPhone Developer";
				COPY_PHASE_STRIP = NO;
				DEBUG_INFORMATION_FORMAT = "dwarf-with-dsym";
				ENABLE_NS_ASSERTIONS = NO;
				ENABLE_STRICT_OBJC_MSGSEND = YES;
				GCC_C_LANGUAGE_STANDARD = gnu99;
				GCC_NO_COMMON_BLOCKS = YES;
				GCC_WARN_64_TO_32_BIT_CONVERSION = YES;
				GCC_WARN_ABOUT_RETURN_TYPE = YES_ERROR;
				GCC_WARN_UNDECLARED_SELECTOR = YES;
				GCC_WARN_UNINITIALIZED_AUTOS = YES_AGGRESSIVE;
				GCC_WARN_UNUSED_FUNCTION = YES;
				GCC_WARN_UNUSED_VARIABLE = YES;
				IPHONEOS_DEPLOYMENT_TARGET = 10.3;
				MTL_ENABLE_DEBUG_INFO = NO;
				SDKROOT = iphoneos;
				SWIFT_OPTIMIZATION_LEVEL = "-Owholemodule";
				TARGETED_DEVICE_FAMILY = "1,2";
				VALIDATE_PRODUCT = YES;
			};
			name = Release;
		};
		75FFCBE81F6A6C7E003FFBF0 /* Debug */ = {
			isa = XCBuildConfiguration;
			buildSettings = {
				ASSETCATALOG_COMPILER_APPICON_NAME = AppIcon;
				INFOPLIST_FILE = News/Info.plist;
				LD_RUNPATH_SEARCH_PATHS = "$(inherited) @executable_path/Frameworks";
				PRODUCT_BUNDLE_IDENTIFIER = com.example.News;
				PRODUCT_NAME = "$(TARGET_NAME)";
				SWIFT_VERSION = 3.0;
			};
			name = Debug;
		};
		75FFCBE91F6A6C7E003FFBF0 /* Release */ = {
			isa = XCBuildConfiguration;
			buildSettings = {
				ASSETCATALOG_COMPILER_APPICON_NAME = AppIcon;
				INFOPLIST_FILE = News/Info.plist;
				LD_RUNPATH_SEARCH_PATHS = "$(inherited) @executable_path/Frameworks";
				PRODUCT_BUNDLE_IDENTIFIER = com.example.News;
				PRODUCT_NAME = "$(TARGET_NAME)";
				SWIFT_VERSION = 3.0;
			};
			name = Release;
		};
/* End XCBuildConfiguration section */

/* Begin XCConfigurationList section */
		75FFCBD01F6A6C7E003FFBF0 /* Build configuration list for PBXProject "News" */ = {
			isa = XCConfigurationList;
			buildConfigurations = (
				75FFCBE51F6A6C7E003FFBF0 /* Debug */,
				75FFCBE61F6A6C7E003FFBF0 /* Release */,
			);
			defaultConfigurationIsVisible = 0;
			defaultConfigurationName = Release;
		};
		75FFCBE71F6A6C7E003FFBF0 /* Build configuration list for PBXNativeTarget "News" */ = {
			isa = XCConfigurationList;
			buildConfigurations = (
				75FFCBE81F6A6C7E003FFBF0 /* Debug */,
				75FFCBE91F6A6C7E003FFBF0 /* Release */,
			);
			defaultConfigurationIsVisible = 0;
		};
/* End XCConfigurationList section */
	};
	rootObject = 75FFCBCD1F6A6C7D003FFBF0 /* Project object */;
}
